// !$*UTF8*$!
{
	archiveVersion = 1;
	classes = {
	};
	objectVersion = 50;
	objects = {

/* Begin PBXBuildFile section */
		4A28089D2126B6E0007B4F69 /* AppDelegate.swift in Sources */ = {isa = PBXBuildFile; fileRef = 4A28089C2126B6E0007B4F69 /* AppDelegate.swift */; };
		4A2808A12126B6E0007B4F69 /* Actions.sks in Resources */ = {isa = PBXBuildFile; fileRef = 4A2808A02126B6E0007B4F69 /* Actions.sks */; };
		4A2808A32126B6E0007B4F69 /* GameScene.swift in Sources */ = {isa = PBXBuildFile; fileRef = 4A2808A22126B6E0007B4F69 /* GameScene.swift */; };
		4A2808A52126B6E0007B4F69 /* GameViewController.swift in Sources */ = {isa = PBXBuildFile; fileRef = 4A2808A42126B6E0007B4F69 /* GameViewController.swift */; };
		4A2808A82126B6E0007B4F69 /* Main.storyboard in Resources */ = {isa = PBXBuildFile; fileRef = 4A2808A62126B6E0007B4F69 /* Main.storyboard */; };
		4A2808AA2126B6E2007B4F69 /* Assets.xcassets in Resources */ = {isa = PBXBuildFile; fileRef = 4A2808A92126B6E2007B4F69 /* Assets.xcassets */; };
		4A2808AD2126B6E2007B4F69 /* LaunchScreen.storyboard in Resources */ = {isa = PBXBuildFile; fileRef = 4A2808AB2126B6E2007B4F69 /* LaunchScreen.storyboard */; };
		4A2808B52126B6FD007B4F69 /* AdventureScene.swift in Sources */ = {isa = PBXBuildFile; fileRef = 4A2808B42126B6FD007B4F69 /* AdventureScene.swift */; };
		4A2808B72126B791007B4F69 /* AdventureScene.sks in Resources */ = {isa = PBXBuildFile; fileRef = 4A2808B62126B791007B4F69 /* AdventureScene.sks */; };
		4A2808B92126B7F6007B4F69 /* GroundTileSet.sks in Resources */ = {isa = PBXBuildFile; fileRef = 4A2808B82126B7F6007B4F69 /* GroundTileSet.sks */; };
		4A2808BB2126BD64007B4F69 /* Character.swift in Sources */ = {isa = PBXBuildFile; fileRef = 4A2808BA2126BD64007B4F69 /* Character.swift */; };
		4A2808BD2126BDE1007B4F69 /* SpriteComponent.swift in Sources */ = {isa = PBXBuildFile; fileRef = 4A2808BC2126BDE1007B4F69 /* SpriteComponent.swift */; };
		4A2808BF2126CA1E007B4F69 /* MoveComponent.swift in Sources */ = {isa = PBXBuildFile; fileRef = 4A2808BE2126CA1E007B4F69 /* MoveComponent.swift */; };
		4A2808CD2126CC5C007B4F69 /* SKColor+Extensions.swift in Sources */ = {isa = PBXBuildFile; fileRef = 4A2808C12126CC5C007B4F69 /* SKColor+Extensions.swift */; };
		4A2808CE2126CC5C007B4F69 /* CGVector+Extensions.swift in Sources */ = {isa = PBXBuildFile; fileRef = 4A2808C22126CC5C007B4F69 /* CGVector+Extensions.swift */; };
		4A2808CF2126CC5C007B4F69 /* Int+Extensions.swift in Sources */ = {isa = PBXBuildFile; fileRef = 4A2808C32126CC5C007B4F69 /* Int+Extensions.swift */; };
		4A2808D02126CC5C007B4F69 /* SKTTimingFunctions.swift in Sources */ = {isa = PBXBuildFile; fileRef = 4A2808C42126CC5C007B4F69 /* SKTTimingFunctions.swift */; };
		4A2808D12126CC5C007B4F69 /* SKAction+Extensions.swift in Sources */ = {isa = PBXBuildFile; fileRef = 4A2808C52126CC5C007B4F69 /* SKAction+Extensions.swift */; };
		4A2808D22126CC5C007B4F69 /* SKAction+SpecialEffects.swift in Sources */ = {isa = PBXBuildFile; fileRef = 4A2808C62126CC5C007B4F69 /* SKAction+SpecialEffects.swift */; };
		4A2808D32126CC5C007B4F69 /* SKNode+Extensions.swift in Sources */ = {isa = PBXBuildFile; fileRef = 4A2808C72126CC5C007B4F69 /* SKNode+Extensions.swift */; };
		4A2808D42126CC5C007B4F69 /* CGPoint+Extensions.swift in Sources */ = {isa = PBXBuildFile; fileRef = 4A2808C82126CC5C007B4F69 /* CGPoint+Extensions.swift */; };
		4A2808D52126CC5C007B4F69 /* SKTEffects.swift in Sources */ = {isa = PBXBuildFile; fileRef = 4A2808C92126CC5C007B4F69 /* SKTEffects.swift */; };
		4A2808D62126CC5C007B4F69 /* SKTAudio.swift in Sources */ = {isa = PBXBuildFile; fileRef = 4A2808CA2126CC5C007B4F69 /* SKTAudio.swift */; };
		4A2808D72126CC5C007B4F69 /* Vector3.swift in Sources */ = {isa = PBXBuildFile; fileRef = 4A2808CB2126CC5C007B4F69 /* Vector3.swift */; };
		4A2808D82126CC5C007B4F69 /* CGFloat+Extensions.swift in Sources */ = {isa = PBXBuildFile; fileRef = 4A2808CC2126CC5C007B4F69 /* CGFloat+Extensions.swift */; };
		4A2808DC2126E26E007B4F69 /* AnimationComponent.swift in Sources */ = {isa = PBXBuildFile; fileRef = 4A2808DB2126E26E007B4F69 /* AnimationComponent.swift */; };
		4A2808DE2126E478007B4F69 /* IdleAnimation.sks in Resources */ = {isa = PBXBuildFile; fileRef = 4A2808DD2126E478007B4F69 /* IdleAnimation.sks */; };
		4A2808E02126F9F2007B4F69 /* BackgroundNode.swift in Sources */ = {isa = PBXBuildFile; fileRef = 4A2808DF2126F9F2007B4F69 /* BackgroundNode.swift */; };
		4A2808E2212813EA007B4F69 /* CharacterFactory.swift in Sources */ = {isa = PBXBuildFile; fileRef = 4A2808E1212813EA007B4F69 /* CharacterFactory.swift */; };
		4A2808E521281484007B4F69 /* SpriteComponentFactory.swift in Sources */ = {isa = PBXBuildFile; fileRef = 4A2808E421281484007B4F69 /* SpriteComponentFactory.swift */; };
/* End PBXBuildFile section */

/* Begin PBXFileReference section */
		4A2808992126B6E0007B4F69 /* Prototype.app */ = {isa = PBXFileReference; explicitFileType = wrapper.application; includeInIndex = 0; path = Prototype.app; sourceTree = BUILT_PRODUCTS_DIR; };
		4A28089C2126B6E0007B4F69 /* AppDelegate.swift */ = {isa = PBXFileReference; lastKnownFileType = sourcecode.swift; path = AppDelegate.swift; sourceTree = "<group>"; };
		4A2808A02126B6E0007B4F69 /* Actions.sks */ = {isa = PBXFileReference; lastKnownFileType = file.sks; path = Actions.sks; sourceTree = "<group>"; };
		4A2808A22126B6E0007B4F69 /* GameScene.swift */ = {isa = PBXFileReference; lastKnownFileType = sourcecode.swift; path = GameScene.swift; sourceTree = "<group>"; };
		4A2808A42126B6E0007B4F69 /* GameViewController.swift */ = {isa = PBXFileReference; lastKnownFileType = sourcecode.swift; path = GameViewController.swift; sourceTree = "<group>"; };
		4A2808A72126B6E0007B4F69 /* Base */ = {isa = PBXFileReference; lastKnownFileType = file.storyboard; name = Base; path = Base.lproj/Main.storyboard; sourceTree = "<group>"; };
		4A2808A92126B6E2007B4F69 /* Assets.xcassets */ = {isa = PBXFileReference; lastKnownFileType = folder.assetcatalog; path = Assets.xcassets; sourceTree = "<group>"; };
		4A2808AC2126B6E2007B4F69 /* Base */ = {isa = PBXFileReference; lastKnownFileType = file.storyboard; name = Base; path = Base.lproj/LaunchScreen.storyboard; sourceTree = "<group>"; };
		4A2808AE2126B6E2007B4F69 /* Info.plist */ = {isa = PBXFileReference; lastKnownFileType = text.plist.xml; path = Info.plist; sourceTree = "<group>"; };
		4A2808B42126B6FD007B4F69 /* AdventureScene.swift */ = {isa = PBXFileReference; lastKnownFileType = sourcecode.swift; path = AdventureScene.swift; sourceTree = "<group>"; };
		4A2808B62126B791007B4F69 /* AdventureScene.sks */ = {isa = PBXFileReference; lastKnownFileType = file.sks; path = AdventureScene.sks; sourceTree = "<group>"; };
		4A2808B82126B7F6007B4F69 /* GroundTileSet.sks */ = {isa = PBXFileReference; lastKnownFileType = file.sks; path = GroundTileSet.sks; sourceTree = "<group>"; };
		4A2808BA2126BD64007B4F69 /* Character.swift */ = {isa = PBXFileReference; lastKnownFileType = sourcecode.swift; path = Character.swift; sourceTree = "<group>"; };
		4A2808BC2126BDE1007B4F69 /* SpriteComponent.swift */ = {isa = PBXFileReference; lastKnownFileType = sourcecode.swift; path = SpriteComponent.swift; sourceTree = "<group>"; };
		4A2808BE2126CA1E007B4F69 /* MoveComponent.swift */ = {isa = PBXFileReference; lastKnownFileType = sourcecode.swift; path = MoveComponent.swift; sourceTree = "<group>"; };
		4A2808C12126CC5C007B4F69 /* SKColor+Extensions.swift */ = {isa = PBXFileReference; fileEncoding = 4; lastKnownFileType = sourcecode.swift; path = "SKColor+Extensions.swift"; sourceTree = "<group>"; };
		4A2808C22126CC5C007B4F69 /* CGVector+Extensions.swift */ = {isa = PBXFileReference; fileEncoding = 4; lastKnownFileType = sourcecode.swift; path = "CGVector+Extensions.swift"; sourceTree = "<group>"; };
		4A2808C32126CC5C007B4F69 /* Int+Extensions.swift */ = {isa = PBXFileReference; fileEncoding = 4; lastKnownFileType = sourcecode.swift; path = "Int+Extensions.swift"; sourceTree = "<group>"; };
		4A2808C42126CC5C007B4F69 /* SKTTimingFunctions.swift */ = {isa = PBXFileReference; fileEncoding = 4; lastKnownFileType = sourcecode.swift; path = SKTTimingFunctions.swift; sourceTree = "<group>"; };
		4A2808C52126CC5C007B4F69 /* SKAction+Extensions.swift */ = {isa = PBXFileReference; fileEncoding = 4; lastKnownFileType = sourcecode.swift; path = "SKAction+Extensions.swift"; sourceTree = "<group>"; };
		4A2808C62126CC5C007B4F69 /* SKAction+SpecialEffects.swift */ = {isa = PBXFileReference; fileEncoding = 4; lastKnownFileType = sourcecode.swift; path = "SKAction+SpecialEffects.swift"; sourceTree = "<group>"; };
		4A2808C72126CC5C007B4F69 /* SKNode+Extensions.swift */ = {isa = PBXFileReference; fileEncoding = 4; lastKnownFileType = sourcecode.swift; path = "SKNode+Extensions.swift"; sourceTree = "<group>"; };
		4A2808C82126CC5C007B4F69 /* CGPoint+Extensions.swift */ = {isa = PBXFileReference; fileEncoding = 4; lastKnownFileType = sourcecode.swift; path = "CGPoint+Extensions.swift"; sourceTree = "<group>"; };
		4A2808C92126CC5C007B4F69 /* SKTEffects.swift */ = {isa = PBXFileReference; fileEncoding = 4; lastKnownFileType = sourcecode.swift; path = SKTEffects.swift; sourceTree = "<group>"; };
		4A2808CA2126CC5C007B4F69 /* SKTAudio.swift */ = {isa = PBXFileReference; fileEncoding = 4; lastKnownFileType = sourcecode.swift; path = SKTAudio.swift; sourceTree = "<group>"; };
		4A2808CB2126CC5C007B4F69 /* Vector3.swift */ = {isa = PBXFileReference; fileEncoding = 4; lastKnownFileType = sourcecode.swift; path = Vector3.swift; sourceTree = "<group>"; };
		4A2808CC2126CC5C007B4F69 /* CGFloat+Extensions.swift */ = {isa = PBXFileReference; fileEncoding = 4; lastKnownFileType = sourcecode.swift; path = "CGFloat+Extensions.swift"; sourceTree = "<group>"; };
		4A2808DB2126E26E007B4F69 /* AnimationComponent.swift */ = {isa = PBXFileReference; lastKnownFileType = sourcecode.swift; path = AnimationComponent.swift; sourceTree = "<group>"; };
		4A2808DD2126E478007B4F69 /* IdleAnimation.sks */ = {isa = PBXFileReference; lastKnownFileType = file.sks; path = IdleAnimation.sks; sourceTree = "<group>"; };
		4A2808DF2126F9F2007B4F69 /* BackgroundNode.swift */ = {isa = PBXFileReference; lastKnownFileType = sourcecode.swift; path = BackgroundNode.swift; sourceTree = "<group>"; };
		4A2808E1212813EA007B4F69 /* CharacterFactory.swift */ = {isa = PBXFileReference; lastKnownFileType = sourcecode.swift; path = CharacterFactory.swift; sourceTree = "<group>"; };
		4A2808E421281484007B4F69 /* SpriteComponentFactory.swift */ = {isa = PBXFileReference; lastKnownFileType = sourcecode.swift; path = SpriteComponentFactory.swift; sourceTree = "<group>"; };
/* End PBXFileReference section */

/* Begin PBXFrameworksBuildPhase section */
		4A2808962126B6E0007B4F69 /* Frameworks */ = {
			isa = PBXFrameworksBuildPhase;
			buildActionMask = 2147483647;
			files = (
			);
			runOnlyForDeploymentPostprocessing = 0;
		};
/* End PBXFrameworksBuildPhase section */

/* Begin PBXGroup section */
		4A2808902126B6E0007B4F69 = {
			isa = PBXGroup;
			children = (
				4A28089B2126B6E0007B4F69 /* Prototype */,
				4A28089A2126B6E0007B4F69 /* Products */,
			);
			sourceTree = "<group>";
		};
		4A28089A2126B6E0007B4F69 /* Products */ = {
			isa = PBXGroup;
			children = (
				4A2808992126B6E0007B4F69 /* Prototype.app */,
			);
			name = Products;
			sourceTree = "<group>";
		};
		4A28089B2126B6E0007B4F69 /* Prototype */ = {
			isa = PBXGroup;
			children = (
				4A28089C2126B6E0007B4F69 /* AppDelegate.swift */,
				4A2808B62126B791007B4F69 /* AdventureScene.sks */,
				4A2808B82126B7F6007B4F69 /* GroundTileSet.sks */,
				4A2808A02126B6E0007B4F69 /* Actions.sks */,
				4A2808A22126B6E0007B4F69 /* GameScene.swift */,
				4A2808A42126B6E0007B4F69 /* GameViewController.swift */,
				4A2808A62126B6E0007B4F69 /* Main.storyboard */,
				4A2808A92126B6E2007B4F69 /* Assets.xcassets */,
				4A2808AB2126B6E2007B4F69 /* LaunchScreen.storyboard */,
				4A2808B42126B6FD007B4F69 /* AdventureScene.swift */,
				4A2808AE2126B6E2007B4F69 /* Info.plist */,
				4A2808BA2126BD64007B4F69 /* Character.swift */,
				4A2808DD2126E478007B4F69 /* IdleAnimation.sks */,
				4A2808E321281465007B4F69 /* Factories */,
				4A2808BC2126BDE1007B4F69 /* SpriteComponent.swift */,
				4A2808BE2126CA1E007B4F69 /* MoveComponent.swift */,
				4A2808DB2126E26E007B4F69 /* AnimationComponent.swift */,
				4A2808DF2126F9F2007B4F69 /* BackgroundNode.swift */,
				4A2808C02126CC5C007B4F69 /* SKTUtils */,
			);
			path = Prototype;
			sourceTree = "<group>";
		};
		4A2808C02126CC5C007B4F69 /* SKTUtils */ = {
			isa = PBXGroup;
			children = (
				4A2808C12126CC5C007B4F69 /* SKColor+Extensions.swift */,
				4A2808C22126CC5C007B4F69 /* CGVector+Extensions.swift */,
				4A2808C32126CC5C007B4F69 /* Int+Extensions.swift */,
				4A2808C42126CC5C007B4F69 /* SKTTimingFunctions.swift */,
				4A2808C52126CC5C007B4F69 /* SKAction+Extensions.swift */,
				4A2808C62126CC5C007B4F69 /* SKAction+SpecialEffects.swift */,
				4A2808C72126CC5C007B4F69 /* SKNode+Extensions.swift */,
				4A2808C82126CC5C007B4F69 /* CGPoint+Extensions.swift */,
				4A2808C92126CC5C007B4F69 /* SKTEffects.swift */,
				4A2808CA2126CC5C007B4F69 /* SKTAudio.swift */,
				4A2808CB2126CC5C007B4F69 /* Vector3.swift */,
				4A2808CC2126CC5C007B4F69 /* CGFloat+Extensions.swift */,
			);
			path = SKTUtils;
			sourceTree = "<group>";
		};
		4A2808E321281465007B4F69 /* Factories */ = {
			isa = PBXGroup;
			children = (
				4A2808E1212813EA007B4F69 /* CharacterFactory.swift */,
				4A2808E421281484007B4F69 /* SpriteComponentFactory.swift */,
			);
			path = Factories;
			sourceTree = "<group>";
		};
/* End PBXGroup section */

/* Begin PBXNativeTarget section */
		4A2808982126B6E0007B4F69 /* Prototype */ = {
			isa = PBXNativeTarget;
			buildConfigurationList = 4A2808B12126B6E2007B4F69 /* Build configuration list for PBXNativeTarget "Prototype" */;
			buildPhases = (
				4A2808952126B6E0007B4F69 /* Sources */,
				4A2808962126B6E0007B4F69 /* Frameworks */,
				4A2808972126B6E0007B4F69 /* Resources */,
			);
			buildRules = (
			);
			dependencies = (
			);
			name = Prototype;
			productName = Prototype;
			productReference = 4A2808992126B6E0007B4F69 /* Prototype.app */;
			productType = "com.apple.product-type.application";
		};
/* End PBXNativeTarget section */

/* Begin PBXProject section */
		4A2808912126B6E0007B4F69 /* Project object */ = {
			isa = PBXProject;
			attributes = {
				LastSwiftUpdateCheck = 0940;
				LastUpgradeCheck = 0940;
				ORGANIZATIONNAME = manuely.aurora;
				TargetAttributes = {
					4A2808982126B6E0007B4F69 = {
						CreatedOnToolsVersion = 9.4.1;
					};
				};
			};
			buildConfigurationList = 4A2808942126B6E0007B4F69 /* Build configuration list for PBXProject "Prototype" */;
			compatibilityVersion = "Xcode 9.3";
			developmentRegion = en;
			hasScannedForEncodings = 0;
			knownRegions = (
				en,
				Base,
			);
			mainGroup = 4A2808902126B6E0007B4F69;
			productRefGroup = 4A28089A2126B6E0007B4F69 /* Products */;
			projectDirPath = "";
			projectRoot = "";
			targets = (
				4A2808982126B6E0007B4F69 /* Prototype */,
			);
		};
/* End PBXProject section */

/* Begin PBXResourcesBuildPhase section */
		4A2808972126B6E0007B4F69 /* Resources */ = {
			isa = PBXResourcesBuildPhase;
			buildActionMask = 2147483647;
			files = (
				4A2808B92126B7F6007B4F69 /* GroundTileSet.sks in Resources */,
				4A2808A82126B6E0007B4F69 /* Main.storyboard in Resources */,
				4A2808B72126B791007B4F69 /* AdventureScene.sks in Resources */,
				4A2808DE2126E478007B4F69 /* IdleAnimation.sks in Resources */,
				4A2808AA2126B6E2007B4F69 /* Assets.xcassets in Resources */,
				4A2808AD2126B6E2007B4F69 /* LaunchScreen.storyboard in Resources */,
				4A2808A12126B6E0007B4F69 /* Actions.sks in Resources */,
			);
			runOnlyForDeploymentPostprocessing = 0;
		};
/* End PBXResourcesBuildPhase section */

/* Begin PBXSourcesBuildPhase section */
		4A2808952126B6E0007B4F69 /* Sources */ = {
			isa = PBXSourcesBuildPhase;
			buildActionMask = 2147483647;
			files = (
				4A2808BF2126CA1E007B4F69 /* MoveComponent.swift in Sources */,
				4A2808D42126CC5C007B4F69 /* CGPoint+Extensions.swift in Sources */,
				4A2808A32126B6E0007B4F69 /* GameScene.swift in Sources */,
				4A2808E02126F9F2007B4F69 /* BackgroundNode.swift in Sources */,
				4A2808D02126CC5C007B4F69 /* SKTTimingFunctions.swift in Sources */,
				4A2808D12126CC5C007B4F69 /* SKAction+Extensions.swift in Sources */,
				4A2808D82126CC5C007B4F69 /* CGFloat+Extensions.swift in Sources */,
				4A2808CE2126CC5C007B4F69 /* CGVector+Extensions.swift in Sources */,
				4A2808D62126CC5C007B4F69 /* SKTAudio.swift in Sources */,
				4A2808A52126B6E0007B4F69 /* GameViewController.swift in Sources */,
				4A2808E2212813EA007B4F69 /* CharacterFactory.swift in Sources */,
				4A2808CD2126CC5C007B4F69 /* SKColor+Extensions.swift in Sources */,
				4A2808D32126CC5C007B4F69 /* SKNode+Extensions.swift in Sources */,
				4A2808D22126CC5C007B4F69 /* SKAction+SpecialEffects.swift in Sources */,
				4A2808BB2126BD64007B4F69 /* Character.swift in Sources */,
				4A28089D2126B6E0007B4F69 /* AppDelegate.swift in Sources */,
				4A2808BD2126BDE1007B4F69 /* SpriteComponent.swift in Sources */,
				4A2808D52126CC5C007B4F69 /* SKTEffects.swift in Sources */,
				4A2808B52126B6FD007B4F69 /* AdventureScene.swift in Sources */,
				4A2808DC2126E26E007B4F69 /* AnimationComponent.swift in Sources */,
				4A2808E521281484007B4F69 /* SpriteComponentFactory.swift in Sources */,
				4A2808D72126CC5C007B4F69 /* Vector3.swift in Sources */,
				4A2808CF2126CC5C007B4F69 /* Int+Extensions.swift in Sources */,
			);
			runOnlyForDeploymentPostprocessing = 0;
		};
/* End PBXSourcesBuildPhase section */

/* Begin PBXVariantGroup section */
		4A2808A62126B6E0007B4F69 /* Main.storyboard */ = {
			isa = PBXVariantGroup;
			children = (
				4A2808A72126B6E0007B4F69 /* Base */,
			);
			name = Main.storyboard;
			sourceTree = "<group>";
		};
		4A2808AB2126B6E2007B4F69 /* LaunchScreen.storyboard */ = {
			isa = PBXVariantGroup;
			children = (
				4A2808AC2126B6E2007B4F69 /* Base */,
			);
			name = LaunchScreen.storyboard;
			sourceTree = "<group>";
		};
/* End PBXVariantGroup section */

/* Begin XCBuildConfiguration section */
		4A2808AF2126B6E2007B4F69 /* Debug */ = {
			isa = XCBuildConfiguration;
			buildSettings = {
				ALWAYS_SEARCH_USER_PATHS = NO;
				CLANG_ANALYZER_NONNULL = YES;
				CLANG_ANALYZER_NUMBER_OBJECT_CONVERSION = YES_AGGRESSIVE;
				CLANG_CXX_LANGUAGE_STANDARD = "gnu++14";
				CLANG_CXX_LIBRARY = "libc++";
				CLANG_ENABLE_MODULES = YES;
				CLANG_ENABLE_OBJC_ARC = YES;
				CLANG_ENABLE_OBJC_WEAK = YES;
				CLANG_WARN_BLOCK_CAPTURE_AUTORELEASING = YES;
				CLANG_WARN_BOOL_CONVERSION = YES;
				CLANG_WARN_COMMA = YES;
				CLANG_WARN_CONSTANT_CONVERSION = YES;
				CLANG_WARN_DEPRECATED_OBJC_IMPLEMENTATIONS = YES;
				CLANG_WARN_DIRECT_OBJC_ISA_USAGE = YES_ERROR;
				CLANG_WARN_DOCUMENTATION_COMMENTS = YES;
				CLANG_WARN_EMPTY_BODY = YES;
				CLANG_WARN_ENUM_CONVERSION = YES;
				CLANG_WARN_INFINITE_RECURSION = YES;
				CLANG_WARN_INT_CONVERSION = YES;
				CLANG_WARN_NON_LITERAL_NULL_CONVERSION = YES;
				CLANG_WARN_OBJC_IMPLICIT_RETAIN_SELF = YES;
				CLANG_WARN_OBJC_LITERAL_CONVERSION = YES;
				CLANG_WARN_OBJC_ROOT_CLASS = YES_ERROR;
				CLANG_WARN_RANGE_LOOP_ANALYSIS = YES;
				CLANG_WARN_STRICT_PROTOTYPES = YES;
				CLANG_WARN_SUSPICIOUS_MOVE = YES;
				CLANG_WARN_UNGUARDED_AVAILABILITY = YES_AGGRESSIVE;
				CLANG_WARN_UNREACHABLE_CODE = YES;
				CLANG_WARN__DUPLICATE_METHOD_MATCH = YES;
				CODE_SIGN_IDENTITY = "iPhone Developer";
				COPY_PHASE_STRIP = NO;
				DEBUG_INFORMATION_FORMAT = dwarf;
				ENABLE_STRICT_OBJC_MSGSEND = YES;
				ENABLE_TESTABILITY = YES;
				GCC_C_LANGUAGE_STANDARD = gnu11;
				GCC_DYNAMIC_NO_PIC = NO;
				GCC_NO_COMMON_BLOCKS = YES;
				GCC_OPTIMIZATION_LEVEL = 0;
				GCC_PREPROCESSOR_DEFINITIONS = (
					"DEBUG=1",
					"$(inherited)",
				);
				GCC_WARN_64_TO_32_BIT_CONVERSION = YES;
				GCC_WARN_ABOUT_RETURN_TYPE = YES_ERROR;
				GCC_WARN_UNDECLARED_SELECTOR = YES;
				GCC_WARN_UNINITIALIZED_AUTOS = YES_AGGRESSIVE;
				GCC_WARN_UNUSED_FUNCTION = YES;
				GCC_WARN_UNUSED_VARIABLE = YES;
				IPHONEOS_DEPLOYMENT_TARGET = 11.4;
				MTL_ENABLE_DEBUG_INFO = YES;
				ONLY_ACTIVE_ARCH = YES;
				SDKROOT = iphoneos;
				SWIFT_ACTIVE_COMPILATION_CONDITIONS = DEBUG;
				SWIFT_OPTIMIZATION_LEVEL = "-Onone";
			};
			name = Debug;
		};
		4A2808B02126B6E2007B4F69 /* Release */ = {
			isa = XCBuildConfiguration;
			buildSettings = {
				ALWAYS_SEARCH_USER_PATHS = NO;
				CLANG_ANALYZER_NONNULL = YES;
				CLANG_ANALYZER_NUMBER_OBJECT_CONVERSION = YES_AGGRESSIVE;
				CLANG_CXX_LANGUAGE_STANDARD = "gnu++14";
				CLANG_CXX_LIBRARY = "libc++";
				CLANG_ENABLE_MODULES = YES;
				CLANG_ENABLE_OBJC_ARC = YES;
				CLANG_ENABLE_OBJC_WEAK = YES;
				CLANG_WARN_BLOCK_CAPTURE_AUTORELEASING = YES;
				CLANG_WARN_BOOL_CONVERSION = YES;
				CLANG_WARN_COMMA = YES;
				CLANG_WARN_CONSTANT_CONVERSION = YES;
				CLANG_WARN_DEPRECATED_OBJC_IMPLEMENTATIONS = YES;
				CLANG_WARN_DIRECT_OBJC_ISA_USAGE = YES_ERROR;
				CLANG_WARN_DOCUMENTATION_COMMENTS = YES;
				CLANG_WARN_EMPTY_BODY = YES;
				CLANG_WARN_ENUM_CONVERSION = YES;
				CLANG_WARN_INFINITE_RECURSION = YES;
				CLANG_WARN_INT_CONVERSION = YES;
				CLANG_WARN_NON_LITERAL_NULL_CONVERSION = YES;
				CLANG_WARN_OBJC_IMPLICIT_RETAIN_SELF = YES;
				CLANG_WARN_OBJC_LITERAL_CONVERSION = YES;
				CLANG_WARN_OBJC_ROOT_CLASS = YES_ERROR;
				CLANG_WARN_RANGE_LOOP_ANALYSIS = YES;
				CLANG_WARN_STRICT_PROTOTYPES = YES;
				CLANG_WARN_SUSPICIOUS_MOVE = YES;
				CLANG_WARN_UNGUARDED_AVAILABILITY = YES_AGGRESSIVE;
				CLANG_WARN_UNREACHABLE_CODE = YES;
				CLANG_WARN__DUPLICATE_METHOD_MATCH = YES;
				CODE_SIGN_IDENTITY = "iPhone Developer";
				COPY_PHASE_STRIP = NO;
				DEBUG_INFORMATION_FORMAT = "dwarf-with-dsym";
				ENABLE_NS_ASSERTIONS = NO;
				ENABLE_STRICT_OBJC_MSGSEND = YES;
				GCC_C_LANGUAGE_STANDARD = gnu11;
				GCC_NO_COMMON_BLOCKS = YES;
				GCC_WARN_64_TO_32_BIT_CONVERSION = YES;
				GCC_WARN_ABOUT_RETURN_TYPE = YES_ERROR;
				GCC_WARN_UNDECLARED_SELECTOR = YES;
				GCC_WARN_UNINITIALIZED_AUTOS = YES_AGGRESSIVE;
				GCC_WARN_UNUSED_FUNCTION = YES;
				GCC_WARN_UNUSED_VARIABLE = YES;
				IPHONEOS_DEPLOYMENT_TARGET = 11.4;
				MTL_ENABLE_DEBUG_INFO = NO;
				SDKROOT = iphoneos;
				SWIFT_COMPILATION_MODE = wholemodule;
				SWIFT_OPTIMIZATION_LEVEL = "-O";
				VALIDATE_PRODUCT = YES;
			};
			name = Release;
		};
		4A2808B22126B6E2007B4F69 /* Debug */ = {
			isa = XCBuildConfiguration;
			buildSettings = {
				ASSETCATALOG_COMPILER_APPICON_NAME = AppIcon;
				CODE_SIGN_STYLE = Automatic;
				DEVELOPMENT_TEAM = TSVV9FX4KB;
				INFOPLIST_FILE = Prototype/Info.plist;
				LD_RUNPATH_SEARCH_PATHS = (
					"$(inherited)",
					"@executable_path/Frameworks",
				);
				PRODUCT_BUNDLE_IDENTIFIER = Aurora.Prototype;
				PRODUCT_NAME = "$(TARGET_NAME)";
				SWIFT_VERSION = 4.0;
				TARGETED_DEVICE_FAMILY = "1,2";
			};
			name = Debug;
		};
		4A2808B32126B6E2007B4F69 /* Release */ = {
			isa = XCBuildConfiguration;
			buildSettings = {
				ASSETCATALOG_COMPILER_APPICON_NAME = AppIcon;
				CODE_SIGN_STYLE = Automatic;
				DEVELOPMENT_TEAM = TSVV9FX4KB;
				INFOPLIST_FILE = Prototype/Info.plist;
				LD_RUNPATH_SEARCH_PATHS = (
					"$(inherited)",
					"@executable_path/Frameworks",
				);
				PRODUCT_BUNDLE_IDENTIFIER = Aurora.Prototype;
				PRODUCT_NAME = "$(TARGET_NAME)";
				SWIFT_VERSION = 4.0;
				TARGETED_DEVICE_FAMILY = "1,2";
			};
			name = Release;
		};
/* End XCBuildConfiguration section */

/* Begin XCConfigurationList section */
		4A2808942126B6E0007B4F69 /* Build configuration list for PBXProject "Prototype" */ = {
			isa = XCConfigurationList;
			buildConfigurations = (
				4A2808AF2126B6E2007B4F69 /* Debug */,
				4A2808B02126B6E2007B4F69 /* Release */,
			);
			defaultConfigurationIsVisible = 0;
			defaultConfigurationName = Release;
		};
		4A2808B12126B6E2007B4F69 /* Build configuration list for PBXNativeTarget "Prototype" */ = {
			isa = XCConfigurationList;
			buildConfigurations = (
				4A2808B22126B6E2007B4F69 /* Debug */,
				4A2808B32126B6E2007B4F69 /* Release */,
			);
			defaultConfigurationIsVisible = 0;
			defaultConfigurationName = Release;
		};
/* End XCConfigurationList section */
	};
	rootObject = 4A2808912126B6E0007B4F69 /* Project object */;
}
